
Microsoft Visual Studio Solution File, Format Version 12.00
# Visual Studio Version 17
VisualStudioVersion = 17.9.34622.214
MinimumVisualStudioVersion = 10.0.40219.1
Project("{FAE04EC0-301F-11D3-BF4B-00C04F79EFBC}") = "ClinicSystem", "ClinicSystem\ClinicSystem.csproj", "{88C80FF0-4783-4AD7-B48C-530EA0BECED5}"
EndProject
Global
	GlobalSection(SolutionConfigurationPlatforms) = preSolution
		Debug|Any CPU = Debug|Any CPU
		Release|Any CPU = Release|Any CPU
	EndGlobalSection
	GlobalSection(ProjectConfigurationPlatforms) = postSolution
		{88C80FF0-4783-4AD7-B48C-530EA0BECED5}.Debug|Any CPU.ActiveCfg = Debug|Any CPU
		{88C80FF0-4783-4AD7-B48C-530EA0BECED5}.Debug|Any CPU.Build.0 = Debug|Any CPU
		{88C80FF0-4783-4AD7-B48C-530EA0BECED5}.Release|Any CPU.ActiveCfg = Release|Any CPU
		{88C80FF0-4783-4AD7-B48C-530EA0BECED5}.Release|Any CPU.Build.0 = Release|Any CPU
	EndGlobalSection
	GlobalSection(SolutionProperties) = preSolution
		HideSolutionNode = FALSE
	EndGlobalSection
	GlobalSection(ExtensibilityGlobals) = postSolution
		SolutionGuid = {0BA76D7F-95C8-47E3-B505-8937DAF75D76}
	EndGlobalSection
EndGlobal
